DEPENDENCIES
  apt
  bach_common
    path: cookbooks/bach_common
  bach_krb5
    path: cookbooks/bach_krb5
  bach_repository
    path: cookbooks/bach_repository
  bach_spark
    path: cookbooks/bach_spark
  bach_wrapper
    path: .
    metadata: true
  bcpc
    path: cookbooks/bcpc
  bcpc-hadoop
    path: cookbooks/bcpc-hadoop
  bcpc_jmxtrans
    path: cookbooks/bcpc_jmxtrans
  bcpc_kafka
    path: cookbooks/bcpc_kafka
  bfd
    git: https://github.com/bloomberg/openbfdd-cookbook
    revision: 0b951af724b0ff6c111ad81671e711327a796dd7
  chef-client
  chef-sugar
  cobblerd
    git: https://github.com/bloomberg/cobbler-cookbook
    revision: d0e8a5459cb5a60162fb68605f5da5b3a23e3a02
  database
  hannibal
    path: cookbooks/hannibal
  java
  jmxtrans
    git: https://github.com/jmxtrans/jmxtrans-cookbook
    revision: 8ab006bb985c8f94e85af9ed783d8e19b64d0dda
    branch: ver-2.0
  kafka
    git: https://github.com/mthssdrbrg/kafka-cookbook.git
    revision: 1b056d74251865cd9b6cbd8db62524023ef5de74
    tag: v2.0.2
  maven
  ntp
  openssl
  pam
  pdns
    git: https://github.com/http-418/pdns
    revision: b1ace26b32334c35332eb6613d27122393486adc
  postgresql
  resolvconf
  ubuntu

GRAPH
  apt (2.4.0)
  ark (1.2.0)
    build-essential (>= 0.0.0)
    seven_zip (>= 0.0.0)
    windows (>= 0.0.0)
  bach_common (2.4.2)
  bach_krb5 (2.4.2)
    bcpc (= 2.4.2)
    bcpc-hadoop (= 2.4.2)
    krb5 (~> 2.0.0)
  bach_repository (2.4.2)
    ark (>= 0.0.0)
    bcpc (>= 0.0.0)
    build-essential (>= 0.0.0)
  bach_spark (2.4.2)
    bcpc (= 2.4.2)
    bcpc-hadoop (= 2.4.2)
  bach_wrapper (2.4.2)
    apt (= 2.4.0)
    bach_common (= 2.4.2)
    bach_krb5 (= 2.4.2)
    bach_repository (= 2.4.2)
    bach_spark (= 2.4.2)
    bcpc (= 2.4.2)
    bcpc-hadoop (= 2.4.2)
    bcpc_jmxtrans (= 2.4.2)
    bcpc_kafka (= 2.4.2)
    build-essential (= 3.2.0)
    chef-client (= 4.2.4)
    chef-vault (= 1.3.3)
    chef_handler (= 2.1.0)
    cron (~> 3.0.0)
    database (>= 0.0.0)
    hannibal (= 2.4.2)
    homebrew (~> 2.1.2)
    java (>= 1.41.0)
    krb5 (= 2.0.0)
    line (>= 0.0.0)
    logrotate (~> 1.9.2)
    maven (= 2.1.1)
    nscd (~> 1.0.1)
    ntp (= 1.10.1)
    ohai (= 3.0.1)
    openssl (= 5.0.1)
    poise (= 1.0.12)
    postgresql (= 5.2.0)
    sysctl (= 0.7.5)
    windows (= 1.36.6)
    yum (= 3.13.0)
    yum-epel (= 0.7.1)
  bcpc (2.4.2)
    apt (>= 2.4.0)
    bach_repository (>= 0.0.0)
    bfd (>= 0.0.0)
    build-essential (>= 0.0.0)
    chef-client (>= 4.2.4)
    chef-vault (>= 1.3.3)
    cobblerd (>= 0.2.0)
    cron (>= 1.2.2)
    database (>= 0.0.0)
    graphite_handler (>= 0.0.0)
    line (>= 0.0.0)
    nscd (>= 0.0.0)
    ntp (>= 1.10.1)
    pdns (>= 0.0.0)
    python (>= 0.0.0)
    sudo (>= 0.0.0)
    ubuntu (>= 1.1.2)
  bcpc-hadoop (2.4.2)
    bach_krb5 (= 2.4.2)
    bcpc (= 2.4.2)
    database (>= 0.0.0)
    java (>= 1.28.0)
    maven (~> 2.1.1)
    pam (>= 0.0.0)
    poise (~> 1.0)
    sysctl (>= 0.0.0)
    ulimit (>= 0.0.0)
  bcpc_jmxtrans (2.4.2)
    bcpc-hadoop (>= 0.0.0)
    jmxtrans (>= 0.0.0)
  bcpc_kafka (2.4.2)
    bcpc (>= 0.0.0)
    bcpc-hadoop (>= 0.0.0)
    bcpc_jmxtrans (>= 0.0.0)
    kafka (>= 0.0.0)
    pam (>= 0.0.0)
    sysctl (>= 0.0.0)
    ulimit (>= 0.0.0)
  bfd (0.2.0)
    apt (>= 0.0.0)
    poise (>= 0.0.0)
  build-essential (3.2.0)
    seven_zip (>= 0.0.0)
  chef-client (4.2.4)
    cron (>= 1.2.0)
    logrotate (>= 1.2.0)
    windows (~> 1.11)
  chef-sugar (3.4.0)
  chef-vault (1.3.3)
  chef_handler (2.1.0)
  cobblerd (0.4.0)
    apt (>= 0.0.0)
    poise (>= 0.0.0)
    yum-epel (>= 0.0.0)
  cron (3.0.0)
  database (6.1.1)
    postgresql (>= 1.0.0)
  graphite_handler (0.0.12)
    chef_handler (>= 0.0.0)
  hannibal (2.4.2)
    ark (>= 0.0.0)
  homebrew (2.1.2)
    build-essential (>= 2.1.2)
  java (1.50.0)
    apt (>= 0.0.0)
    homebrew (>= 0.0.0)
    windows (>= 0.0.0)
  jmxtrans (2.0.0)
    ark (>= 0.0.0)
  kafka (2.0.2)
  krb5 (2.0.0)
    ntp (>= 0.0.0)
  line (1.0.2)
  logrotate (1.9.2)
  maven (2.1.1)
    ark (~> 1.0)
    java (~> 1.38)
    windows (>= 0.0.0)
  nscd (1.0.1)
  ntp (1.10.1)
    windows (>= 0.0.0)
  ohai (3.0.1)
  openssl (5.0.1)
  pam (1.0.3)
  pdns (1.0.5)
    apt (>= 0.0.0)
    build-essential (>= 0.0.0)
    database (>= 0.0.0)
    resolvconf (>= 0.0.0)
  poise (1.0.12)
  postgresql (5.2.0)
    apt (>= 1.9.0)
    build-essential (>= 2.0.0)
    openssl (>= 4.0)
  python (1.4.6)
    build-essential (>= 0.0.0)
    yum-epel (>= 0.0.0)
  resolvconf (0.4.0)
  seven_zip (2.0.2)
    windows (>= 1.2.2)
  sudo (3.5.3)
  sysctl (0.7.5)
    ohai (~> 3.0)
  ubuntu (2.0.1)
    apt (>= 0.0.0)
  ulimit (0.4.0)
  windows (1.36.6)
    chef_handler (>= 0.0.0)
  yum (3.13.0)
  yum-epel (0.7.1)
    yum (>= 3.6.3)
