DEPENDENCIES
  bcpc
    path: .
    metadata: true
  chef-vault
    git: https://github.com/http-418/chef-vault
    revision: 639d797f4bc8eca346a48543d67101304a004f95
  cobblerd
    git: https://github.com/bloomberg/cobbler-cookbook
    revision: 868334b4b4d3c760e9669a0adba0279e89d523bc

GRAPH
  apt (2.8.2)
  bcpc (0.5.0)
    apt (>= 1.9.2)
    chef-client (>= 2.2.2)
    chef-vault (>= 0.0.0)
    cobblerd (>= 0.3.0)
    cron (>= 1.2.2)
    graphite_handler (>= 0.0.0)
    ntp (>= 1.3.2)
    pdns (>= 1.0.4)
    python (>= 0.0.0)
    sudo (>= 0.0.0)
    ubuntu (>= 1.1.2)
  build-essential (2.2.4)
  chef-client (4.3.1)
    cron (>= 1.2.0)
    logrotate (>= 1.2.0)
    windows (~> 1.37)
  chef-vault (1.3.0)
  chef_handler (1.2.0)
  cobblerd (0.3.0)
    apt (~> 2.4)
    poise (~> 1.0)
    yum-epel (~> 0.3)
  cron (1.7.0)
  graphite_handler (0.0.12)
    chef_handler (>= 0.0.0)
  logrotate (1.9.2)
  ntp (1.8.6)
  pdns (1.0.4)
    build-essential (>= 0.0.0)
    resolvconf (>= 0.0.0)
  poise (1.0.12)
  python (1.4.6)
    build-essential (>= 0.0.0)
    yum-epel (>= 0.0.0)
  resolvconf (0.2.9)
  sudo (2.7.2)
  ubuntu (1.2.0)
    apt (>= 0.0.0)
  windows (1.38.2)
    chef_handler (>= 0.0.0)
  yum (3.8.1)
  yum-epel (0.6.3)
    yum (~> 3.2)
