DEPENDENCIES
  hannibal
    path: .
    metadata: true

GRAPH
  ark (3.1.0)
    build-essential (>= 0.0.0)
    seven_zip (>= 0.0.0)
    windows (>= 0.0.0)
  build-essential (8.0.4)
    mingw (>= 1.1)
    seven_zip (>= 0.0.0)
  hannibal (0.1.0)
    ark (>= 0.0.0)
  mingw (2.0.1)
    seven_zip (>= 0.0.0)
  ohai (5.2.0)
  seven_zip (2.0.2)
    windows (>= 1.2.2)
  windows (3.4.3)
    ohai (>= 4.0.0)
