DEPENDENCIES
  bach_common
    path: ../bach_common
  bach_repository
    path: .
    metadata: true

GRAPH
  7-zip (1.0.2)
    windows (>= 1.2.2)
  apt (2.9.2)
  ark (0.9.0)
    7-zip (>= 0.0.0)
    windows (>= 0.0.0)
  bach_common (0.1.0)
    apt (>= 0.0.0)
  bach_repository (0.1.0)
    ark (>= 0.0.0)
  chef_handler (1.2.0)
  windows (1.38.2)
    chef_handler (>= 0.0.0)
